github.com/whosonfirst/go-whosonfirst-sources v0.1.0 h1:JuKLa6KWke22jBfJ1pM9WQHoz1/3pbDv2C+aR+THPPQ=
github.com/whosonfirst/go-whosonfirst-sources v0.1.0/go.mod h1:EUMHyGzUmqPPxlMmOp+28BFeoBdxxE0HCKRd67lkqGM=
github.com/whosonfirst/go-whosonfirst-uri v0.1.0 h1:JMlpam0x1hVrFBMTAPY3edIHz7azfMK8lLI2kM9BgbI=
github.com/whosonfirst/go-whosonfirst-uri v0.1.0/go.mod h1:8eaDVcc4v+HHHEDaRbApdmhPwM4/JQllw2PktvZcPVs=
github.com/whosonfirst/go-whosonfirst-uri v1.2.0 h1:lhmRsIhcpTr5HAo+kXKRGsSt76HTh3Ko/oTR2jpCm/o=
github.com/whosonfirst/go-whosonfirst-uri v1.2.0/go.mod h1:CuVygTCUpMG945MMvqHyqxvc/L5YkDaMrrVpRFr7ZxY=
